
Microsoft Visual Studio Solution File, Format Version 12.00
# Visual Studio Version 17
VisualStudioVersion = 17.0.31903.59
MinimumVisualStudioVersion = 10.0.40219.1
Project("{2150E333-8FDC-42A3-9474-1A3956D46DE8}") = "src", "src", "{0DA831A6-F971-486A-B18B-433F835DA3E5}"
EndProject
Project("{FAE04EC0-301F-11D3-BF4B-00C04F79EFBC}") = "Hysj.Api", "src\Hysj.Api\Hysj.Api.csproj", "{F676020B-2889-4115-8989-F46E5E7E486B}"
EndProject
Project("{FAE04EC0-301F-11D3-BF4B-00C04F79EFBC}") = "Hysj.Shared", "src\Hysj.Shared\Hysj.Shared.csproj", "{F7ED15B3-FE37-42C3-B49E-83504D6ADC77}"
EndProject
Project("{2150E333-8FDC-42A3-9474-1A3956D46DE8}") = "tests", "tests", "{FEBB4A75-3915-4B8A-AA12-0B3B0DFCDDBD}"
EndProject
Project("{FAE04EC0-301F-11D3-BF4B-00C04F79EFBC}") = "Hysj.Api.Tests", "tests\Hysj.Api.Tests\Hysj.Api.Tests.csproj", "{D1C3CAB7-54BD-46E9-85E1-DAF28B19553D}"
EndProject
Global
	GlobalSection(SolutionConfigurationPlatforms) = preSolution
		Debug|Any CPU = Debug|Any CPU
		Release|Any CPU = Release|Any CPU
	EndGlobalSection
	GlobalSection(SolutionProperties) = preSolution
		HideSolutionNode = FALSE
	EndGlobalSection
	GlobalSection(ProjectConfigurationPlatforms) = postSolution
		{F676020B-2889-4115-8989-F46E5E7E486B}.Debug|Any CPU.ActiveCfg = Debug|Any CPU
		{F676020B-2889-4115-8989-F46E5E7E486B}.Debug|Any CPU.Build.0 = Debug|Any CPU
		{F676020B-2889-4115-8989-F46E5E7E486B}.Release|Any CPU.ActiveCfg = Release|Any CPU
		{F676020B-2889-4115-8989-F46E5E7E486B}.Release|Any CPU.Build.0 = Release|Any CPU
		{F7ED15B3-FE37-42C3-B49E-83504D6ADC77}.Debug|Any CPU.ActiveCfg = Debug|Any CPU
		{F7ED15B3-FE37-42C3-B49E-83504D6ADC77}.Debug|Any CPU.Build.0 = Debug|Any CPU
		{F7ED15B3-FE37-42C3-B49E-83504D6ADC77}.Release|Any CPU.ActiveCfg = Release|Any CPU
		{F7ED15B3-FE37-42C3-B49E-83504D6ADC77}.Release|Any CPU.Build.0 = Release|Any CPU
		{D1C3CAB7-54BD-46E9-85E1-DAF28B19553D}.Debug|Any CPU.ActiveCfg = Debug|Any CPU
		{D1C3CAB7-54BD-46E9-85E1-DAF28B19553D}.Debug|Any CPU.Build.0 = Debug|Any CPU
		{D1C3CAB7-54BD-46E9-85E1-DAF28B19553D}.Release|Any CPU.ActiveCfg = Release|Any CPU
		{D1C3CAB7-54BD-46E9-85E1-DAF28B19553D}.Release|Any CPU.Build.0 = Release|Any CPU
	EndGlobalSection
	GlobalSection(NestedProjects) = preSolution
		{F676020B-2889-4115-8989-F46E5E7E486B} = {0DA831A6-F971-486A-B18B-433F835DA3E5}
		{F7ED15B3-FE37-42C3-B49E-83504D6ADC77} = {0DA831A6-F971-486A-B18B-433F835DA3E5}
		{D1C3CAB7-54BD-46E9-85E1-DAF28B19553D} = {FEBB4A75-3915-4B8A-AA12-0B3B0DFCDDBD}
	EndGlobalSection
EndGlobal
